
Microsoft Visual Studio Solution File, Format Version 12.00
# Visual Studio 14
VisualStudioVersion = 14.0.23107.0
MinimumVisualStudioVersion = 10.0.40219.1
Project("{FAE04EC0-301F-11D3-BF4B-00C04F79EFBC}") = "CustomTracker", "CustomTracker\CustomTracker.csproj", "{76E30F0B-E96E-40C2-91EF-06835F1C9E5B}"
EndProject
Project("{FAE04EC0-301F-11D3-BF4B-00C04F79EFBC}") = "CustomTracker.Tests", "CustomTracker.Tests\CustomTracker.Tests.csproj", "{E249B88E-A796-43D3-91FC-F259ACD43C65}"
EndProject
Global
	GlobalSection(SolutionConfigurationPlatforms) = preSolution
		Debug|Any CPU = Debug|Any CPU
		Release|Any CPU = Release|Any CPU
	EndGlobalSection
	GlobalSection(ProjectConfigurationPlatforms) = postSolution
		{76E30F0B-E96E-40C2-91EF-06835F1C9E5B}.Debug|Any CPU.ActiveCfg = Debug|Any CPU
		{76E30F0B-E96E-40C2-91EF-06835F1C9E5B}.Debug|Any CPU.Build.0 = Debug|Any CPU
		{76E30F0B-E96E-40C2-91EF-06835F1C9E5B}.Release|Any CPU.ActiveCfg = Release|Any CPU
		{76E30F0B-E96E-40C2-91EF-06835F1C9E5B}.Release|Any CPU.Build.0 = Release|Any CPU
		{E249B88E-A796-43D3-91FC-F259ACD43C65}.Debug|Any CPU.ActiveCfg = Debug|Any CPU
		{E249B88E-A796-43D3-91FC-F259ACD43C65}.Debug|Any CPU.Build.0 = Debug|Any CPU
		{E249B88E-A796-43D3-91FC-F259ACD43C65}.Release|Any CPU.ActiveCfg = Release|Any CPU
		{E249B88E-A796-43D3-91FC-F259ACD43C65}.Release|Any CPU.Build.0 = Release|Any CPU
	EndGlobalSection
	GlobalSection(SolutionProperties) = preSolution
		HideSolutionNode = FALSE
	EndGlobalSection
EndGlobal
